{
  "version": 4,
  "terraform_version": "1.5.7",
  "serial": 11,
  "lineage": "1685e201-cd4d-f9ad-5a39-85c85b23c326",
  "outputs": {
    "backend_ports": {
      "value": [
        32768,
        32769,
        32770
      ],
      "type": [
        "tuple",
        [
          "number",
          "number",
          "number"
        ]
      ]
    }
  },
  "resources": [
    {
      "mode": "data",
      "type": "digitalocean_ssh_key",
      "name": "www-1",
      "provider": "provider[\"registry.terraform.io/digitalocean/digitalocean\"]",
      "instances": [
        {
          "schema_version": 0,
          "attributes": {
            "fingerprint": "ab:99:b4:0f:4f:34:ef:a5:28:90:bc:22:6c:43:bd:2e",
            "id": 39398640,
            "name": "www-1",
            "public_key": "ssh-rsa AAAAB3NzaC1yc2EAAAADAQABAAABgQDHguH5UrD2UG+8JfzJXq9cEkYhQ2z7lc9e43Q4N2NEoiev2tZGTlubs8AwHnZ8LCr+j8ZvL+cPVD6E0N44agjytwDcmfKkcVrG00sLCAWxISMcplUMJKDvVZvj+JZQGlOJGQZ5dPUOnuiLhLdElki3Mte/IYmE7LODfYifc9eAlBjFZ2U5OG8LckDFXzt79w+uLKbuaMoeAEZ+QXkcoaQ/KjKzP7XKMi/tgrGXrEcd4BITDylt08C710h4UuN5IwfmUt/Uq0SB/1wbuDDQG4kt4jsXiQUpsTdZXij1WwVsaYb+yp2YBeanPjlsNC1JVPhDbR9Nx7lPuUvjudeUKxMv8vM0VsHQvy3mhBfk0MPKULcQZFGHUoBF4Ee7t22ip1+qet0BygXJHXxyyJwaia/6tVm3WgWzK73trvMovndC29Qw1/ReWenhnNuj5glwgaoDspyOsqXYmozkX21eP/z/tPbpdLwBWftQ+C0ZT0i8AFccrUNM5yiiRAKMZN/2i2c= root@ubuntu-s-1vcpu-512mb-10gb-sgp1-01"
          },
          "sensitive_attributes": []
        }
      ]
    },
    {
      "mode": "managed",
      "type": "digitalocean_droplet",
      "name": "nginx",
      "provider": "provider[\"registry.terraform.io/digitalocean/digitalocean\"]",
      "instances": [
        {
          "status": "tainted",
          "schema_version": 1,
          "attributes": {
            "backups": false,
            "created_at": "2023-09-14T09:57:26Z",
            "disk": 10,
            "droplet_agent": null,
            "graceful_shutdown": false,
            "id": "374682629",
            "image": "ubuntu-20-04-x64",
            "ipv4_address": "159.223.71.206",
            "ipv4_address_private": "10.104.0.4",
            "ipv6": false,
            "ipv6_address": "",
            "locked": false,
            "memory": 512,
            "monitoring": false,
            "name": "nginx",
            "price_hourly": 0.00595,
            "price_monthly": 4,
            "private_networking": true,
            "region": "sgp1",
            "resize_disk": true,
            "size": "s-1vcpu-512mb-10gb",
            "ssh_keys": [
              "39398640"
            ],
            "status": "active",
            "tags": null,
            "timeouts": null,
            "urn": "do:droplet:374682629",
            "user_data": null,
            "vcpus": 1,
            "volume_ids": [],
            "vpc_uuid": "e63b8156-66aa-4376-bf4b-59d92f1610f9"
          },
          "sensitive_attributes": [],
          "private": "eyJlMmJmYjczMC1lY2FhLTExZTYtOGY4OC0zNDM2M2JjN2M0YzAiOnsiY3JlYXRlIjozNjAwMDAwMDAwMDAwLCJkZWxldGUiOjYwMDAwMDAwMDAwLCJ1cGRhdGUiOjM2MDAwMDAwMDAwMDB9LCJzY2hlbWFfdmVyc2lvbiI6IjEifQ==",
          "dependencies": [
            "data.digitalocean_ssh_key.www-1",
            "docker_container.bgg-backend",
            "docker_container.bgg-database",
            "docker_image.bgg-backend",
            "docker_image.bgg-database",
            "docker_network.bgg-net",
            "docker_volume.data-vol",
            "local_file.nginx-conf"
          ]
        }
      ]
    },
    {
      "mode": "managed",
      "type": "docker_container",
      "name": "bgg-backend",
      "provider": "provider[\"registry.terraform.io/kreuzwerker/docker\"]",
      "instances": [
        {
          "index_key": 0,
          "schema_version": 2,
          "attributes": {
            "attach": false,
            "bridge": "",
            "capabilities": [],
            "cgroupns_mode": null,
            "command": [],
            "container_logs": null,
            "container_read_refresh_timeout_milliseconds": 15000,
            "cpu_set": "",
            "cpu_shares": 0,
            "destroy_grace_seconds": null,
            "devices": [],
            "dns": null,
            "dns_opts": null,
            "dns_search": null,
            "domainname": "",
            "entrypoint": [
              "node",
              "dist/backend/src/main"
            ],
            "env": [
              "BGG_DB_HOST=my-bgg-database",
              "BGG_DB_PASSWORD=changeit",
              "BGG_DB_USER=root"
            ],
            "exit_code": null,
            "gpus": null,
            "group_add": null,
            "healthcheck": [
              {
                "interval": "1m0s",
                "retries": 3,
                "start_period": "5s",
                "test": [
                  "CMD-SHELL",
                  "curl -f localhost:$PORT/healthz || exit 1"
                ],
                "timeout": "3s"
              }
            ],
            "host": [],
            "hostname": "d01ab9719282",
            "id": "d01ab9719282ebfb0b74940a852a7cf7d0ed29567e4c70367141f9e38cfc83ca",
            "image": "sha256:1dc75c72b413dadfaef29157330642b3ac00daafd83b51e2f2e6a8a202e13183",
            "init": false,
            "ipc_mode": "private",
            "labels": [],
            "log_driver": "json-file",
            "log_opts": null,
            "logs": false,
            "max_retry_count": 0,
            "memory": 0,
            "memory_swap": 0,
            "mounts": [],
            "must_run": true,
            "name": "my-bgg-backend-0",
            "network_data": [
              {
                "gateway": "172.18.0.1",
                "global_ipv6_address": "",
                "global_ipv6_prefix_length": 0,
                "ip_address": "172.18.0.3",
                "ip_prefix_length": 16,
                "ipv6_gateway": "",
                "mac_address": "02:42:ac:12:00:03",
                "network_name": "my-bgg-net"
              }
            ],
            "network_mode": "default",
            "networks_advanced": [
              {
                "aliases": [],
                "ipv4_address": "",
                "ipv6_address": "",
                "name": "7c88600c04b5a426f1632a7b09fde91b8a27ad2dc90675ee48422266c945d6f5"
              }
            ],
            "pid_mode": "",
            "ports": [
              {
                "external": 32768,
                "internal": 3000,
                "ip": "0.0.0.0",
                "protocol": "tcp"
              }
            ],
            "privileged": false,
            "publish_all_ports": false,
            "read_only": false,
            "remove_volumes": true,
            "restart": "no",
            "rm": false,
            "runtime": "runc",
            "security_opts": [],
            "shm_size": 64,
            "start": true,
            "stdin_open": false,
            "stop_signal": "",
            "stop_timeout": 0,
            "storage_opts": null,
            "sysctls": null,
            "tmpfs": null,
            "tty": false,
            "ulimit": [],
            "upload": [],
            "user": "",
            "userns_mode": "",
            "volumes": [],
            "wait": false,
            "wait_timeout": 60,
            "working_dir": "/app"
          },
          "sensitive_attributes": [],
          "private": "eyJzY2hlbWFfdmVyc2lvbiI6IjIifQ==",
          "dependencies": [
            "docker_container.bgg-database",
            "docker_image.bgg-backend",
            "docker_image.bgg-database",
            "docker_network.bgg-net",
            "docker_volume.data-vol"
          ]
        },
        {
          "index_key": 1,
          "schema_version": 2,
          "attributes": {
            "attach": false,
            "bridge": "",
            "capabilities": [],
            "cgroupns_mode": null,
            "command": [],
            "container_logs": null,
            "container_read_refresh_timeout_milliseconds": 15000,
            "cpu_set": "",
            "cpu_shares": 0,
            "destroy_grace_seconds": null,
            "devices": [],
            "dns": null,
            "dns_opts": null,
            "dns_search": null,
            "domainname": "",
            "entrypoint": [
              "node",
              "dist/backend/src/main"
            ],
            "env": [
              "BGG_DB_HOST=my-bgg-database",
              "BGG_DB_PASSWORD=changeit",
              "BGG_DB_USER=root"
            ],
            "exit_code": null,
            "gpus": null,
            "group_add": null,
            "healthcheck": [
              {
                "interval": "1m0s",
                "retries": 3,
                "start_period": "5s",
                "test": [
                  "CMD-SHELL",
                  "curl -f localhost:$PORT/healthz || exit 1"
                ],
                "timeout": "3s"
              }
            ],
            "host": [],
            "hostname": "8614644ce09b",
            "id": "8614644ce09bf626f2937441fbce08fbbe08ab7cbc8f47e4ce2d1b13b2d78506",
            "image": "sha256:1dc75c72b413dadfaef29157330642b3ac00daafd83b51e2f2e6a8a202e13183",
            "init": false,
            "ipc_mode": "private",
            "labels": [],
            "log_driver": "json-file",
            "log_opts": null,
            "logs": false,
            "max_retry_count": 0,
            "memory": 0,
            "memory_swap": 0,
            "mounts": [],
            "must_run": true,
            "name": "my-bgg-backend-1",
            "network_data": [
              {
                "gateway": "172.18.0.1",
                "global_ipv6_address": "",
                "global_ipv6_prefix_length": 0,
                "ip_address": "172.18.0.4",
                "ip_prefix_length": 16,
                "ipv6_gateway": "",
                "mac_address": "02:42:ac:12:00:04",
                "network_name": "my-bgg-net"
              }
            ],
            "network_mode": "default",
            "networks_advanced": [
              {
                "aliases": [],
                "ipv4_address": "",
                "ipv6_address": "",
                "name": "7c88600c04b5a426f1632a7b09fde91b8a27ad2dc90675ee48422266c945d6f5"
              }
            ],
            "pid_mode": "",
            "ports": [
              {
                "external": 32769,
                "internal": 3000,
                "ip": "0.0.0.0",
                "protocol": "tcp"
              }
            ],
            "privileged": false,
            "publish_all_ports": false,
            "read_only": false,
            "remove_volumes": true,
            "restart": "no",
            "rm": false,
            "runtime": "runc",
            "security_opts": [],
            "shm_size": 64,
            "start": true,
            "stdin_open": false,
            "stop_signal": "",
            "stop_timeout": 0,
            "storage_opts": null,
            "sysctls": null,
            "tmpfs": null,
            "tty": false,
            "ulimit": [],
            "upload": [],
            "user": "",
            "userns_mode": "",
            "volumes": [],
            "wait": false,
            "wait_timeout": 60,
            "working_dir": "/app"
          },
          "sensitive_attributes": [],
          "private": "eyJzY2hlbWFfdmVyc2lvbiI6IjIifQ==",
          "dependencies": [
            "docker_container.bgg-database",
            "docker_image.bgg-backend",
            "docker_image.bgg-database",
            "docker_network.bgg-net",
            "docker_volume.data-vol"
          ]
        },
        {
          "index_key": 2,
          "schema_version": 2,
          "attributes": {
            "attach": false,
            "bridge": "",
            "capabilities": [],
            "cgroupns_mode": null,
            "command": [],
            "container_logs": null,
            "container_read_refresh_timeout_milliseconds": 15000,
            "cpu_set": "",
            "cpu_shares": 0,
            "destroy_grace_seconds": null,
            "devices": [],
            "dns": null,
            "dns_opts": null,
            "dns_search": null,
            "domainname": "",
            "entrypoint": [
              "node",
              "dist/backend/src/main"
            ],
            "env": [
              "BGG_DB_HOST=my-bgg-database",
              "BGG_DB_PASSWORD=changeit",
              "BGG_DB_USER=root"
            ],
            "exit_code": null,
            "gpus": null,
            "group_add": null,
            "healthcheck": [
              {
                "interval": "1m0s",
                "retries": 3,
                "start_period": "5s",
                "test": [
                  "CMD-SHELL",
                  "curl -f localhost:$PORT/healthz || exit 1"
                ],
                "timeout": "3s"
              }
            ],
            "host": [],
            "hostname": "7f76ae8d3eb1",
            "id": "7f76ae8d3eb12e345804a114d87124269cb18f44cf138f00057c25ae1bf9d01d",
            "image": "sha256:1dc75c72b413dadfaef29157330642b3ac00daafd83b51e2f2e6a8a202e13183",
            "init": false,
            "ipc_mode": "private",
            "labels": [],
            "log_driver": "json-file",
            "log_opts": null,
            "logs": false,
            "max_retry_count": 0,
            "memory": 0,
            "memory_swap": 0,
            "mounts": [],
            "must_run": true,
            "name": "my-bgg-backend-2",
            "network_data": [
              {
                "gateway": "172.18.0.1",
                "global_ipv6_address": "",
                "global_ipv6_prefix_length": 0,
                "ip_address": "172.18.0.5",
                "ip_prefix_length": 16,
                "ipv6_gateway": "",
                "mac_address": "02:42:ac:12:00:05",
                "network_name": "my-bgg-net"
              }
            ],
            "network_mode": "default",
            "networks_advanced": [
              {
                "aliases": [],
                "ipv4_address": "",
                "ipv6_address": "",
                "name": "7c88600c04b5a426f1632a7b09fde91b8a27ad2dc90675ee48422266c945d6f5"
              }
            ],
            "pid_mode": "",
            "ports": [
              {
                "external": 32770,
                "internal": 3000,
                "ip": "0.0.0.0",
                "protocol": "tcp"
              }
            ],
            "privileged": false,
            "publish_all_ports": false,
            "read_only": false,
            "remove_volumes": true,
            "restart": "no",
            "rm": false,
            "runtime": "runc",
            "security_opts": [],
            "shm_size": 64,
            "start": true,
            "stdin_open": false,
            "stop_signal": "",
            "stop_timeout": 0,
            "storage_opts": null,
            "sysctls": null,
            "tmpfs": null,
            "tty": false,
            "ulimit": [],
            "upload": [],
            "user": "",
            "userns_mode": "",
            "volumes": [],
            "wait": false,
            "wait_timeout": 60,
            "working_dir": "/app"
          },
          "sensitive_attributes": [],
          "private": "eyJzY2hlbWFfdmVyc2lvbiI6IjIifQ==",
          "dependencies": [
            "docker_container.bgg-database",
            "docker_image.bgg-backend",
            "docker_image.bgg-database",
            "docker_network.bgg-net",
            "docker_volume.data-vol"
          ]
        }
      ]
    },
    {
      "mode": "managed",
      "type": "docker_container",
      "name": "bgg-database",
      "provider": "provider[\"registry.terraform.io/kreuzwerker/docker\"]",
      "instances": [
        {
          "schema_version": 2,
          "attributes": {
            "attach": false,
            "bridge": "",
            "capabilities": [],
            "cgroupns_mode": null,
            "command": [
              "mysqld"
            ],
            "container_logs": null,
            "container_read_refresh_timeout_milliseconds": 15000,
            "cpu_set": "",
            "cpu_shares": 0,
            "destroy_grace_seconds": null,
            "devices": [],
            "dns": null,
            "dns_opts": null,
            "dns_search": null,
            "domainname": "",
            "entrypoint": [
              "docker-entrypoint.sh"
            ],
            "env": [],
            "exit_code": null,
            "gpus": null,
            "group_add": null,
            "healthcheck": [
              {
                "interval": "1m0s",
                "retries": 3,
                "start_period": "5s",
                "test": [
                  "CMD-SHELL",
                  "mysqladmin ping -uroot -p${MYSQL_ROOT_PASSWORD} || exit 1"
                ],
                "timeout": "3s"
              }
            ],
            "host": [],
            "hostname": "2b52c0f679d3",
            "id": "2b52c0f679d325b4791323fc5c9f705106e76460a81a99804461b33762c26c85",
            "image": "sha256:2dc18f22acfcf47b190382cd04038628fd5da2ca086ade3721b50d2b88d6796a",
            "init": false,
            "ipc_mode": "private",
            "labels": [],
            "log_driver": "json-file",
            "log_opts": null,
            "logs": false,
            "max_retry_count": 0,
            "memory": 0,
            "memory_swap": 0,
            "mounts": [],
            "must_run": true,
            "name": "my-bgg-database",
            "network_data": [
              {
                "gateway": "172.18.0.1",
                "global_ipv6_address": "",
                "global_ipv6_prefix_length": 0,
                "ip_address": "172.18.0.2",
                "ip_prefix_length": 16,
                "ipv6_gateway": "",
                "mac_address": "02:42:ac:12:00:02",
                "network_name": "my-bgg-net"
              }
            ],
            "network_mode": "default",
            "networks_advanced": [
              {
                "aliases": [],
                "ipv4_address": "",
                "ipv6_address": "",
                "name": "7c88600c04b5a426f1632a7b09fde91b8a27ad2dc90675ee48422266c945d6f5"
              }
            ],
            "pid_mode": "",
            "ports": [
              {
                "external": 3306,
                "internal": 3306,
                "ip": "0.0.0.0",
                "protocol": "tcp"
              }
            ],
            "privileged": false,
            "publish_all_ports": false,
            "read_only": false,
            "remove_volumes": true,
            "restart": "no",
            "rm": false,
            "runtime": "runc",
            "security_opts": [],
            "shm_size": 64,
            "start": true,
            "stdin_open": false,
            "stop_signal": "",
            "stop_timeout": 0,
            "storage_opts": null,
            "sysctls": null,
            "tmpfs": null,
            "tty": false,
            "ulimit": [],
            "upload": [],
            "user": "",
            "userns_mode": "",
            "volumes": [
              {
                "container_path": "/var/lib/mysql",
                "from_container": "",
                "host_path": "",
                "read_only": null,
                "volume_name": "my-data-vol"
              }
            ],
            "wait": false,
            "wait_timeout": 60,
            "working_dir": ""
          },
          "sensitive_attributes": [],
          "private": "eyJzY2hlbWFfdmVyc2lvbiI6IjIifQ==",
          "dependencies": [
            "docker_image.bgg-database",
            "docker_network.bgg-net",
            "docker_volume.data-vol"
          ]
        }
      ]
    },
    {
      "mode": "managed",
      "type": "docker_image",
      "name": "bgg-backend",
      "provider": "provider[\"registry.terraform.io/kreuzwerker/docker\"]",
      "instances": [
        {
          "schema_version": 0,
          "attributes": {
            "build": [],
            "force_remove": null,
            "id": "sha256:1dc75c72b413dadfaef29157330642b3ac00daafd83b51e2f2e6a8a202e13183chukmunnlee/bgg-backend:v3",
            "image_id": "sha256:1dc75c72b413dadfaef29157330642b3ac00daafd83b51e2f2e6a8a202e13183",
            "keep_locally": null,
            "name": "chukmunnlee/bgg-backend:v3",
            "platform": null,
            "pull_triggers": null,
            "repo_digest": "chukmunnlee/bgg-backend@sha256:772d16b8d529df43beebd82f73092157badf4dc9f0ba70f241fe8d63c7f77586",
            "triggers": null
          },
          "sensitive_attributes": [],
          "private": "bnVsbA=="
        }
      ]
    },
    {
      "mode": "managed",
      "type": "docker_image",
      "name": "bgg-database",
      "provider": "provider[\"registry.terraform.io/kreuzwerker/docker\"]",
      "instances": [
        {
          "schema_version": 0,
          "attributes": {
            "build": [],
            "force_remove": null,
            "id": "sha256:2dc18f22acfcf47b190382cd04038628fd5da2ca086ade3721b50d2b88d6796achukmunnlee/bgg-database:v3.1",
            "image_id": "sha256:2dc18f22acfcf47b190382cd04038628fd5da2ca086ade3721b50d2b88d6796a",
            "keep_locally": null,
            "name": "chukmunnlee/bgg-database:v3.1",
            "platform": null,
            "pull_triggers": null,
            "repo_digest": "chukmunnlee/bgg-database@sha256:c1794bf915f54ccbea366aac3c5471e8ce544fd885f1618b598a2085240eb213",
            "triggers": null
          },
          "sensitive_attributes": [],
          "private": "bnVsbA=="
        }
      ]
    },
    {
      "mode": "managed",
      "type": "docker_network",
      "name": "bgg-net",
      "provider": "provider[\"registry.terraform.io/kreuzwerker/docker\"]",
      "instances": [
        {
          "schema_version": 1,
          "attributes": {
            "attachable": false,
            "check_duplicate": null,
            "driver": "bridge",
            "id": "7c88600c04b5a426f1632a7b09fde91b8a27ad2dc90675ee48422266c945d6f5",
            "ingress": false,
            "internal": false,
            "ipam_config": [
              {
                "aux_address": {},
                "gateway": "172.18.0.1",
                "ip_range": "",
                "subnet": "172.18.0.0/16"
              }
            ],
            "ipam_driver": "default",
            "ipam_options": null,
            "ipv6": false,
            "labels": [],
            "name": "my-bgg-net",
            "options": {},
            "scope": "local"
          },
          "sensitive_attributes": [],
          "private": "eyJzY2hlbWFfdmVyc2lvbiI6IjEifQ=="
        }
      ]
    },
    {
      "mode": "managed",
      "type": "docker_volume",
      "name": "data-vol",
      "provider": "provider[\"registry.terraform.io/kreuzwerker/docker\"]",
      "instances": [
        {
          "schema_version": 1,
          "attributes": {
            "driver": "local",
            "driver_opts": null,
            "id": "my-data-vol",
            "labels": [],
            "mountpoint": "/var/lib/docker/volumes/my-data-vol/_data",
            "name": "my-data-vol"
          },
          "sensitive_attributes": [],
          "private": "eyJzY2hlbWFfdmVyc2lvbiI6IjEifQ=="
        }
      ]
    },
    {
      "mode": "managed",
      "type": "local_file",
      "name": "nginx-conf",
      "provider": "provider[\"registry.terraform.io/hashicorp/local\"]",
      "instances": [
        {
          "schema_version": 0,
          "attributes": {
            "content": "user www-data;\nworker_processes auto;\npid /run/nginx.pid;\n\nevents {\n\tworker_connections 768;\n}\n\nhttp {\n\taccess_log /var/log/nginx/access.log;\n\terror_log /var/log/nginx/error.log;\n\n\tgzip on;\n\n\tupstream apps {\n\t\tleast_conn;\n\t\t# the following list the container endpoints\n\t\t# one server line for each endpoint\n\t\t# eg server \u003cdocker_host_ip\u003e:\u003cexposed_port\u003e;\n\t\tserver 159.223.63.4:32768;\n\t\tserver 159.223.63.4:32769;\n\t\tserver 159.223.63.4:32770;\n\t}\n\tserver {\n\t\tlisten 80;\n\t\tlocation / {\n\t\t\tproxy_pass http://apps;\n\t\t}\n\t}\n}\n",
            "content_base64": null,
            "content_base64sha256": "yFyNhAnLJ1etReQjG5EvDY/akmivMDtPZsMMneIDyqA=",
            "content_base64sha512": "wwKQ6u/JTkqQdvOcgFG/cfywebWvoIfcL4dCU9QcURnny+GW0Y55Ng6eq7zia10k/PjBxD46KFn0DqlYq8vVGQ==",
            "content_md5": "8fe5a67b5cf97762d08886c57ecf79c7",
            "content_sha1": "2a41bba8c70db65007c53c3cc87d80b8d9cfbaa6",
            "content_sha256": "c85c8d8409cb2757ad45e4231b912f0d8fda9268af303b4f66c30c9de203caa0",
            "content_sha512": "c30290eaefc94e4a9076f39c8051bf71fcb079b5afa087dc2f874253d41c5119e7cbe196d18e79360e9eabbce26b5d24fcf8c1c43e3a2859f40ea958abcbd519",
            "directory_permission": "0777",
            "file_permission": "0777",
            "filename": "nginx.conf",
            "id": "2a41bba8c70db65007c53c3cc87d80b8d9cfbaa6",
            "sensitive_content": null,
            "source": null
          },
          "sensitive_attributes": [],
          "dependencies": [
            "docker_container.bgg-backend",
            "docker_container.bgg-database",
            "docker_image.bgg-backend",
            "docker_image.bgg-database",
            "docker_network.bgg-net",
            "docker_volume.data-vol"
          ]
        }
      ]
    },
    {
      "mode": "managed",
      "type": "local_file",
      "name": "root_at_nginx",
      "provider": "provider[\"registry.terraform.io/hashicorp/local\"]",
      "instances": []
    }
  ],
  "check_results": null
}
